cloud.google.com/go/firestore v1.13.0/go.mod h1:QojqqOh8IntInDUSTAh0c8ZsPYAr68Ma8c5DWOy8xb8=
cloud.google.com/go/pubsub v1.33.0/go.mod h1:f+w71I33OMyxf9VpMVcZbnG5KSUkCOUHYpFd5U1GdRc=
firebase.google.com/go/v4 v4.13.0/go.mod h1:e1/gaR6EnbQfsmTnAMx1hnz+ninJIrrr/RAh59Tpfn8=
google.golang.org/api v0.149.0/go.mod h1:Mwn1B7JTXrzXtnvmzQE2BD6bYZQ8DShKZDZbeN9I7qI=
